
Microsoft Visual Studio Solution File, Format Version 12.00
Project("{FAE04EC0-301F-11D3-BF4B-00C04F79EFBC}") = "ChristmasLights.Tests", "ChristmasLights.Tests\ChristmasLights.Tests.csproj", "{A6CEA7B6-EB1A-4AA8-AD7D-86DC36F7E15D}"
EndProject
Global
	GlobalSection(SolutionConfigurationPlatforms) = preSolution
		Debug|Any CPU = Debug|Any CPU
		Release|Any CPU = Release|Any CPU
	EndGlobalSection
	GlobalSection(ProjectConfigurationPlatforms) = postSolution
		{A6CEA7B6-EB1A-4AA8-AD7D-86DC36F7E15D}.Debug|Any CPU.ActiveCfg = Debug|Any CPU
		{A6CEA7B6-EB1A-4AA8-AD7D-86DC36F7E15D}.Debug|Any CPU.Build.0 = Debug|Any CPU
		{A6CEA7B6-EB1A-4AA8-AD7D-86DC36F7E15D}.Release|Any CPU.ActiveCfg = Release|Any CPU
		{A6CEA7B6-EB1A-4AA8-AD7D-86DC36F7E15D}.Release|Any CPU.Build.0 = Release|Any CPU
	EndGlobalSection
EndGlobal
